
Microsoft Visual Studio Solution File, Format Version 12.00
# Visual Studio Version 18
VisualStudioVersion = 18.0.11222.15
MinimumVisualStudioVersion = 10.0.40219.1
Project("{FAE04EC0-301F-11D3-BF4B-00C04F79EFBC}") = "PlayerParticles", "src\PlayerParticles.csproj", "{9E102BFD-C456-42AD-A987-17EFD70A861A}"
EndProject
Global
	GlobalSection(SolutionConfigurationPlatforms) = preSolution
		Debug|Any CPU = Debug|Any CPU
		Release|Any CPU = Release|Any CPU
	EndGlobalSection
	GlobalSection(ProjectConfigurationPlatforms) = postSolution
		{9E102BFD-C456-42AD-A987-17EFD70A861A}.Debug|Any CPU.ActiveCfg = Debug|Any CPU
		{9E102BFD-C456-42AD-A987-17EFD70A861A}.Debug|Any CPU.Build.0 = Debug|Any CPU
		{9E102BFD-C456-42AD-A987-17EFD70A861A}.Release|Any CPU.ActiveCfg = Release|Any CPU
		{9E102BFD-C456-42AD-A987-17EFD70A861A}.Release|Any CPU.Build.0 = Release|Any CPU
	EndGlobalSection
	GlobalSection(SolutionProperties) = preSolution
		HideSolutionNode = FALSE
	EndGlobalSection
	GlobalSection(ExtensibilityGlobals) = postSolution
		SolutionGuid = {BD98202E-F13D-43AC-B211-0E4BE2F43936}
	EndGlobalSection
EndGlobal
